
Microsoft Visual Studio Solution File, Format Version 12.00
# Visual Studio Version 16
VisualStudioVersion = 16.0.31205.134
MinimumVisualStudioVersion = 10.0.40219.1
Project("{9092AA53-FB77-4645-B42D-1CCCA6BD08BD}") = "nodeteach", "nodeteach\nodeteach.njsproj", "{B37038F2-D21E-4004-AB7D-15746653892C}"
EndProject
Global
	GlobalSection(SolutionConfigurationPlatforms) = preSolution
		Debug|Any CPU = Debug|Any CPU
		Release|Any CPU = Release|Any CPU
	EndGlobalSection
	GlobalSection(ProjectConfigurationPlatforms) = postSolution
		{B37038F2-D21E-4004-AB7D-15746653892C}.Debug|Any CPU.ActiveCfg = Debug|Any CPU
		{B37038F2-D21E-4004-AB7D-15746653892C}.Debug|Any CPU.Build.0 = Debug|Any CPU
		{B37038F2-D21E-4004-AB7D-15746653892C}.Release|Any CPU.ActiveCfg = Release|Any CPU
		{B37038F2-D21E-4004-AB7D-15746653892C}.Release|Any CPU.Build.0 = Release|Any CPU
	EndGlobalSection
	GlobalSection(SolutionProperties) = preSolution
		HideSolutionNode = FALSE
	EndGlobalSection
	GlobalSection(ExtensibilityGlobals) = postSolution
		SolutionGuid = {C5CD12AA-70E6-4195-A5B2-5B741C22BA78}
	EndGlobalSection
EndGlobal
